
Microsoft Visual Studio Solution File, Format Version 12.00
# Visual Studio 2012
Project("{8BC9CEB8-8B4A-11D0-8D11-00A0C91BC942}") = "01Simple", "01Simple\01Simple.vcxproj", "{25F7F11B-B2F6-4061-B2CF-1042B84C1B79}"
EndProject
Project("{8BC9CEB8-8B4A-11D0-8D11-00A0C91BC942}") = "02GLRect", "02GLRect\02GLRect.vcxproj", "{66770BD4-2CC4-4442-BEF9-D59B8ADA8F35}"
EndProject
Project("{8BC9CEB8-8B4A-11D0-8D11-00A0C91BC942}") = "03Bounce", "03Bounce\03Bounce.vcxproj", "{67582B7B-AF16-4513-9604-41A8FFEC9318}"
EndProject
Project("{8BC9CEB8-8B4A-11D0-8D11-00A0C91BC942}") = "04Points", "04Points\04Points.vcxproj", "{EFA2785F-8795-437D-A042-9D3E229C6B84}"
EndProject
Project("{8BC9CEB8-8B4A-11D0-8D11-00A0C91BC942}") = "05Lines", "05Lines\05Lines.vcxproj", "{B94F798F-476B-4FB5-B674-975F543AC491}"
EndProject
Project("{8BC9CEB8-8B4A-11D0-8D11-00A0C91BC942}") = "06lstipple", "06lstipple\06lstipple.vcxproj", "{CE8967C9-B56E-4564-848A-57684BBAB0E4}"
EndProject
Project("{8BC9CEB8-8B4A-11D0-8D11-00A0C91BC942}") = "07triangle", "07triangle\07triangle.vcxproj", "{BA912B67-B21A-42ED-BF6B-DA9285972F1B}"
EndProject
Project("{8BC9CEB8-8B4A-11D0-8D11-00A0C91BC942}") = "08pstipple", "08pstipple\08pstipple.vcxproj", "{FE2D8CC6-5CED-404A-99D0-B9C9BECFF916}"
EndProject
Project("{8BC9CEB8-8B4A-11D0-8D11-00A0C91BC942}") = "09star", "09star\09star.vcxproj", "{679FA8D4-5B33-42F1-8DB3-B3E94C3DEA4E}"
EndProject
Project("{8BC9CEB8-8B4A-11D0-8D11-00A0C91BC942}") = "10single", "10single\10single.vcxproj", "{10D56630-27D6-4F0C-8940-62CFE4D209FB}"
EndProject
Project("{8BC9CEB8-8B4A-11D0-8D11-00A0C91BC942}") = "11scissor", "11scissor\11scissor.vcxproj", "{FED76592-C776-4E2D-8FF2-D181731AD4A1}"
EndProject
Project("{8BC9CEB8-8B4A-11D0-8D11-00A0C91BC942}") = "12stencil", "12stencil\12stencil.vcxproj", "{41021759-92EB-4F04-A46F-A1D2091FD386}"
EndProject
Project("{8BC9CEB8-8B4A-11D0-8D11-00A0C91BC942}") = "13Atom", "13Atom\13Atom.vcxproj", "{9C53AAD3-1D13-4D4B-B4E6-CEBF099BAE22}"
EndProject
Global
	GlobalSection(SolutionConfigurationPlatforms) = preSolution
		Debug|Win32 = Debug|Win32
		Release|Win32 = Release|Win32
	EndGlobalSection
	GlobalSection(ProjectConfigurationPlatforms) = postSolution
		{25F7F11B-B2F6-4061-B2CF-1042B84C1B79}.Debug|Win32.ActiveCfg = Debug|Win32
		{25F7F11B-B2F6-4061-B2CF-1042B84C1B79}.Debug|Win32.Build.0 = Debug|Win32
		{25F7F11B-B2F6-4061-B2CF-1042B84C1B79}.Release|Win32.ActiveCfg = Release|Win32
		{25F7F11B-B2F6-4061-B2CF-1042B84C1B79}.Release|Win32.Build.0 = Release|Win32
		{66770BD4-2CC4-4442-BEF9-D59B8ADA8F35}.Debug|Win32.ActiveCfg = Debug|Win32
		{66770BD4-2CC4-4442-BEF9-D59B8ADA8F35}.Debug|Win32.Build.0 = Debug|Win32
		{66770BD4-2CC4-4442-BEF9-D59B8ADA8F35}.Release|Win32.ActiveCfg = Release|Win32
		{66770BD4-2CC4-4442-BEF9-D59B8ADA8F35}.Release|Win32.Build.0 = Release|Win32
		{67582B7B-AF16-4513-9604-41A8FFEC9318}.Debug|Win32.ActiveCfg = Debug|Win32
		{67582B7B-AF16-4513-9604-41A8FFEC9318}.Debug|Win32.Build.0 = Debug|Win32
		{67582B7B-AF16-4513-9604-41A8FFEC9318}.Release|Win32.ActiveCfg = Release|Win32
		{67582B7B-AF16-4513-9604-41A8FFEC9318}.Release|Win32.Build.0 = Release|Win32
		{EFA2785F-8795-437D-A042-9D3E229C6B84}.Debug|Win32.ActiveCfg = Debug|Win32
		{EFA2785F-8795-437D-A042-9D3E229C6B84}.Debug|Win32.Build.0 = Debug|Win32
		{EFA2785F-8795-437D-A042-9D3E229C6B84}.Release|Win32.ActiveCfg = Release|Win32
		{EFA2785F-8795-437D-A042-9D3E229C6B84}.Release|Win32.Build.0 = Release|Win32
		{B94F798F-476B-4FB5-B674-975F543AC491}.Debug|Win32.ActiveCfg = Debug|Win32
		{B94F798F-476B-4FB5-B674-975F543AC491}.Debug|Win32.Build.0 = Debug|Win32
		{B94F798F-476B-4FB5-B674-975F543AC491}.Release|Win32.ActiveCfg = Release|Win32
		{B94F798F-476B-4FB5-B674-975F543AC491}.Release|Win32.Build.0 = Release|Win32
		{CE8967C9-B56E-4564-848A-57684BBAB0E4}.Debug|Win32.ActiveCfg = Debug|Win32
		{CE8967C9-B56E-4564-848A-57684BBAB0E4}.Debug|Win32.Build.0 = Debug|Win32
		{CE8967C9-B56E-4564-848A-57684BBAB0E4}.Release|Win32.ActiveCfg = Release|Win32
		{CE8967C9-B56E-4564-848A-57684BBAB0E4}.Release|Win32.Build.0 = Release|Win32
		{BA912B67-B21A-42ED-BF6B-DA9285972F1B}.Debug|Win32.ActiveCfg = Debug|Win32
		{BA912B67-B21A-42ED-BF6B-DA9285972F1B}.Debug|Win32.Build.0 = Debug|Win32
		{BA912B67-B21A-42ED-BF6B-DA9285972F1B}.Release|Win32.ActiveCfg = Release|Win32
		{BA912B67-B21A-42ED-BF6B-DA9285972F1B}.Release|Win32.Build.0 = Release|Win32
		{FE2D8CC6-5CED-404A-99D0-B9C9BECFF916}.Debug|Win32.ActiveCfg = Debug|Win32
		{FE2D8CC6-5CED-404A-99D0-B9C9BECFF916}.Debug|Win32.Build.0 = Debug|Win32
		{FE2D8CC6-5CED-404A-99D0-B9C9BECFF916}.Release|Win32.ActiveCfg = Release|Win32
		{FE2D8CC6-5CED-404A-99D0-B9C9BECFF916}.Release|Win32.Build.0 = Release|Win32
		{679FA8D4-5B33-42F1-8DB3-B3E94C3DEA4E}.Debug|Win32.ActiveCfg = Debug|Win32
		{679FA8D4-5B33-42F1-8DB3-B3E94C3DEA4E}.Debug|Win32.Build.0 = Debug|Win32
		{679FA8D4-5B33-42F1-8DB3-B3E94C3DEA4E}.Release|Win32.ActiveCfg = Release|Win32
		{679FA8D4-5B33-42F1-8DB3-B3E94C3DEA4E}.Release|Win32.Build.0 = Release|Win32
		{10D56630-27D6-4F0C-8940-62CFE4D209FB}.Debug|Win32.ActiveCfg = Debug|Win32
		{10D56630-27D6-4F0C-8940-62CFE4D209FB}.Debug|Win32.Build.0 = Debug|Win32
		{10D56630-27D6-4F0C-8940-62CFE4D209FB}.Release|Win32.ActiveCfg = Release|Win32
		{10D56630-27D6-4F0C-8940-62CFE4D209FB}.Release|Win32.Build.0 = Release|Win32
		{FED76592-C776-4E2D-8FF2-D181731AD4A1}.Debug|Win32.ActiveCfg = Debug|Win32
		{FED76592-C776-4E2D-8FF2-D181731AD4A1}.Debug|Win32.Build.0 = Debug|Win32
		{FED76592-C776-4E2D-8FF2-D181731AD4A1}.Release|Win32.ActiveCfg = Release|Win32
		{FED76592-C776-4E2D-8FF2-D181731AD4A1}.Release|Win32.Build.0 = Release|Win32
		{41021759-92EB-4F04-A46F-A1D2091FD386}.Debug|Win32.ActiveCfg = Debug|Win32
		{41021759-92EB-4F04-A46F-A1D2091FD386}.Debug|Win32.Build.0 = Debug|Win32
		{41021759-92EB-4F04-A46F-A1D2091FD386}.Release|Win32.ActiveCfg = Release|Win32
		{41021759-92EB-4F04-A46F-A1D2091FD386}.Release|Win32.Build.0 = Release|Win32
		{9C53AAD3-1D13-4D4B-B4E6-CEBF099BAE22}.Debug|Win32.ActiveCfg = Debug|Win32
		{9C53AAD3-1D13-4D4B-B4E6-CEBF099BAE22}.Debug|Win32.Build.0 = Debug|Win32
		{9C53AAD3-1D13-4D4B-B4E6-CEBF099BAE22}.Release|Win32.ActiveCfg = Release|Win32
		{9C53AAD3-1D13-4D4B-B4E6-CEBF099BAE22}.Release|Win32.Build.0 = Release|Win32
	EndGlobalSection
	GlobalSection(SolutionProperties) = preSolution
		HideSolutionNode = FALSE
	EndGlobalSection
EndGlobal
