
Microsoft Visual Studio Solution File, Format Version 12.00
# Visual Studio 2012
Project("{8BC9CEB8-8B4A-11D0-8D11-00A0C91BC942}") = "01Simple", "01Simple\01Simple.vcxproj", "{25F7F11B-B2F6-4061-B2CF-1042B84C1B79}"
EndProject
Project("{8BC9CEB8-8B4A-11D0-8D11-00A0C91BC942}") = "02GLRect", "02GLRect\02GLRect.vcxproj", "{66770BD4-2CC4-4442-BEF9-D59B8ADA8F35}"
EndProject
Project("{8BC9CEB8-8B4A-11D0-8D11-00A0C91BC942}") = "03Bounce", "03Bounce\03Bounce.vcxproj", "{67582B7B-AF16-4513-9604-41A8FFEC9318}"
EndProject
Project("{8BC9CEB8-8B4A-11D0-8D11-00A0C91BC942}") = "04Points", "04Points\04Points.vcxproj", "{EFA2785F-8795-437D-A042-9D3E229C6B84}"
EndProject
Project("{8BC9CEB8-8B4A-11D0-8D11-00A0C91BC942}") = "05Lines", "05Lines\05Lines.vcxproj", "{B94F798F-476B-4FB5-B674-975F543AC491}"
EndProject
Project("{8BC9CEB8-8B4A-11D0-8D11-00A0C91BC942}") = "06lstipple", "06lstipple\06lstipple.vcxproj", "{CE8967C9-B56E-4564-848A-57684BBAB0E4}"
EndProject
Project("{8BC9CEB8-8B4A-11D0-8D11-00A0C91BC942}") = "07triangle", "07triangle\07triangle.vcxproj", "{BA912B67-B21A-42ED-BF6B-DA9285972F1B}"
EndProject
Project("{8BC9CEB8-8B4A-11D0-8D11-00A0C91BC942}") = "08pstipple", "08pstipple\08pstipple.vcxproj", "{FE2D8CC6-5CED-404A-99D0-B9C9BECFF916}"
EndProject
Project("{8BC9CEB8-8B4A-11D0-8D11-00A0C91BC942}") = "09star", "09star\09star.vcxproj", "{679FA8D4-5B33-42F1-8DB3-B3E94C3DEA4E}"
EndProject
Project("{8BC9CEB8-8B4A-11D0-8D11-00A0C91BC942}") = "10single", "10single\10single.vcxproj", "{10D56630-27D6-4F0C-8940-62CFE4D209FB}"
EndProject
Project("{8BC9CEB8-8B4A-11D0-8D11-00A0C91BC942}") = "11scissor", "11scissor\11scissor.vcxproj", "{FED76592-C776-4E2D-8FF2-D181731AD4A1}"
EndProject
Project("{8BC9CEB8-8B4A-11D0-8D11-00A0C91BC942}") = "12stencil", "12stencil\12stencil.vcxproj", "{41021759-92EB-4F04-A46F-A1D2091FD386}"
EndProject
Project("{8BC9CEB8-8B4A-11D0-8D11-00A0C91BC942}") = "13Atom", "13Atom\13Atom.vcxproj", "{9C53AAD3-1D13-4D4B-B4E6-CEBF099BAE22}"
EndProject
Project("{8BC9CEB8-8B4A-11D0-8D11-00A0C91BC942}") = "14Solar", "14Solar\14Solar.vcxproj", "{818B6C0C-1601-44C0-A190-7392A94A5297}"
EndProject
Project("{8BC9CEB8-8B4A-11D0-8D11-00A0C91BC942}") = "15Transform", "15Transform\15Transform.vcxproj", "{E2DD65CC-3D60-4A28-A20A-CF36FE5B4E11}"
EndProject
Project("{8BC9CEB8-8B4A-11D0-8D11-00A0C91BC942}") = "16SphereWorld", "16SphereWorld\16SphereWorld.vcxproj", "{B09F0E0E-E289-447E-9A26-6C245F8ACF8F}"
EndProject
Project("{8BC9CEB8-8B4A-11D0-8D11-00A0C91BC942}") = "17Ccube", "17Ccube\17Ccube.vcxproj", "{2BF5CB24-AAF4-4245-9687-14FDE1359B2F}"
EndProject
Project("{8BC9CEB8-8B4A-11D0-8D11-00A0C91BC942}") = "18triangle", "18triangle\18triangle.vcxproj", "{BA74A63D-6600-4C12-BDE1-CE8806DD04E2}"
EndProject
Project("{8BC9CEB8-8B4A-11D0-8D11-00A0C91BC942}") = "19Jet", "19Jet\19Jet.vcxproj", "{C737653A-F601-451B-A08C-4A13307836AD}"
EndProject
Project("{8BC9CEB8-8B4A-11D0-8D11-00A0C91BC942}") = "20litjet", "20litjet\20litjet.vcxproj", "{76F754F7-605B-4019-9577-C73C51997F12}"
EndProject
Project("{8BC9CEB8-8B4A-11D0-8D11-00A0C91BC942}") = "21Spot", "21Spot\21Spot.vcxproj", "{1A074FBD-2856-415C-90E5-45283CE3FF47}"
EndProject
Project("{8BC9CEB8-8B4A-11D0-8D11-00A0C91BC942}") = "22Shadow", "22Shadow\22Shadow.vcxproj", "{8674B34B-C05E-4F46-B572-376B899CE9EA}"
EndProject
Project("{8BC9CEB8-8B4A-11D0-8D11-00A0C91BC942}") = "23SphereWorld", "23SphereWorld\23SphereWorld.vcxproj", "{8A95558A-F9C7-4D2D-9B11-B54A27BD638A}"
EndProject
Project("{8BC9CEB8-8B4A-11D0-8D11-00A0C91BC942}") = "24Reflection", "24Reflection\24Reflection.vcxproj", "{C4E0B828-2FEE-4A95-8FFF-786F0E876B9F}"
EndProject
Project("{8BC9CEB8-8B4A-11D0-8D11-00A0C91BC942}") = "25Smoother", "25Smoother\25Smoother.vcxproj", "{28F96D96-ECD9-4768-B6BA-8F40C4E060BD}"
EndProject
Project("{8BC9CEB8-8B4A-11D0-8D11-00A0C91BC942}") = "26Multisample", "26Multisample\26Multisample.vcxproj", "{8C68F891-6A95-415F-8232-7D61342FA924}"
EndProject
Project("{8BC9CEB8-8B4A-11D0-8D11-00A0C91BC942}") = "27Fogged", "27Fogged\27Fogged.vcxproj", "{2D588C04-00F2-404E-A6B8-2411DE4DBDC9}"
EndProject
Project("{8BC9CEB8-8B4A-11D0-8D11-00A0C91BC942}") = "28MotionBlur", "28MotionBlur\28MotionBlur.vcxproj", "{5EFE71E0-0690-4741-8843-E7B534E3761A}"
EndProject
Global
	GlobalSection(SolutionConfigurationPlatforms) = preSolution
		Debug|Win32 = Debug|Win32
		Release|Win32 = Release|Win32
	EndGlobalSection
	GlobalSection(ProjectConfigurationPlatforms) = postSolution
		{25F7F11B-B2F6-4061-B2CF-1042B84C1B79}.Debug|Win32.ActiveCfg = Debug|Win32
		{25F7F11B-B2F6-4061-B2CF-1042B84C1B79}.Debug|Win32.Build.0 = Debug|Win32
		{25F7F11B-B2F6-4061-B2CF-1042B84C1B79}.Release|Win32.ActiveCfg = Release|Win32
		{25F7F11B-B2F6-4061-B2CF-1042B84C1B79}.Release|Win32.Build.0 = Release|Win32
		{66770BD4-2CC4-4442-BEF9-D59B8ADA8F35}.Debug|Win32.ActiveCfg = Debug|Win32
		{66770BD4-2CC4-4442-BEF9-D59B8ADA8F35}.Debug|Win32.Build.0 = Debug|Win32
		{66770BD4-2CC4-4442-BEF9-D59B8ADA8F35}.Release|Win32.ActiveCfg = Release|Win32
		{66770BD4-2CC4-4442-BEF9-D59B8ADA8F35}.Release|Win32.Build.0 = Release|Win32
		{67582B7B-AF16-4513-9604-41A8FFEC9318}.Debug|Win32.ActiveCfg = Debug|Win32
		{67582B7B-AF16-4513-9604-41A8FFEC9318}.Debug|Win32.Build.0 = Debug|Win32
		{67582B7B-AF16-4513-9604-41A8FFEC9318}.Release|Win32.ActiveCfg = Release|Win32
		{67582B7B-AF16-4513-9604-41A8FFEC9318}.Release|Win32.Build.0 = Release|Win32
		{EFA2785F-8795-437D-A042-9D3E229C6B84}.Debug|Win32.ActiveCfg = Debug|Win32
		{EFA2785F-8795-437D-A042-9D3E229C6B84}.Debug|Win32.Build.0 = Debug|Win32
		{EFA2785F-8795-437D-A042-9D3E229C6B84}.Release|Win32.ActiveCfg = Release|Win32
		{EFA2785F-8795-437D-A042-9D3E229C6B84}.Release|Win32.Build.0 = Release|Win32
		{B94F798F-476B-4FB5-B674-975F543AC491}.Debug|Win32.ActiveCfg = Debug|Win32
		{B94F798F-476B-4FB5-B674-975F543AC491}.Debug|Win32.Build.0 = Debug|Win32
		{B94F798F-476B-4FB5-B674-975F543AC491}.Release|Win32.ActiveCfg = Release|Win32
		{B94F798F-476B-4FB5-B674-975F543AC491}.Release|Win32.Build.0 = Release|Win32
		{CE8967C9-B56E-4564-848A-57684BBAB0E4}.Debug|Win32.ActiveCfg = Debug|Win32
		{CE8967C9-B56E-4564-848A-57684BBAB0E4}.Debug|Win32.Build.0 = Debug|Win32
		{CE8967C9-B56E-4564-848A-57684BBAB0E4}.Release|Win32.ActiveCfg = Release|Win32
		{CE8967C9-B56E-4564-848A-57684BBAB0E4}.Release|Win32.Build.0 = Release|Win32
		{BA912B67-B21A-42ED-BF6B-DA9285972F1B}.Debug|Win32.ActiveCfg = Debug|Win32
		{BA912B67-B21A-42ED-BF6B-DA9285972F1B}.Debug|Win32.Build.0 = Debug|Win32
		{BA912B67-B21A-42ED-BF6B-DA9285972F1B}.Release|Win32.ActiveCfg = Release|Win32
		{BA912B67-B21A-42ED-BF6B-DA9285972F1B}.Release|Win32.Build.0 = Release|Win32
		{FE2D8CC6-5CED-404A-99D0-B9C9BECFF916}.Debug|Win32.ActiveCfg = Debug|Win32
		{FE2D8CC6-5CED-404A-99D0-B9C9BECFF916}.Debug|Win32.Build.0 = Debug|Win32
		{FE2D8CC6-5CED-404A-99D0-B9C9BECFF916}.Release|Win32.ActiveCfg = Release|Win32
		{FE2D8CC6-5CED-404A-99D0-B9C9BECFF916}.Release|Win32.Build.0 = Release|Win32
		{679FA8D4-5B33-42F1-8DB3-B3E94C3DEA4E}.Debug|Win32.ActiveCfg = Debug|Win32
		{679FA8D4-5B33-42F1-8DB3-B3E94C3DEA4E}.Debug|Win32.Build.0 = Debug|Win32
		{679FA8D4-5B33-42F1-8DB3-B3E94C3DEA4E}.Release|Win32.ActiveCfg = Release|Win32
		{679FA8D4-5B33-42F1-8DB3-B3E94C3DEA4E}.Release|Win32.Build.0 = Release|Win32
		{10D56630-27D6-4F0C-8940-62CFE4D209FB}.Debug|Win32.ActiveCfg = Debug|Win32
		{10D56630-27D6-4F0C-8940-62CFE4D209FB}.Debug|Win32.Build.0 = Debug|Win32
		{10D56630-27D6-4F0C-8940-62CFE4D209FB}.Release|Win32.ActiveCfg = Release|Win32
		{10D56630-27D6-4F0C-8940-62CFE4D209FB}.Release|Win32.Build.0 = Release|Win32
		{FED76592-C776-4E2D-8FF2-D181731AD4A1}.Debug|Win32.ActiveCfg = Debug|Win32
		{FED76592-C776-4E2D-8FF2-D181731AD4A1}.Debug|Win32.Build.0 = Debug|Win32
		{FED76592-C776-4E2D-8FF2-D181731AD4A1}.Release|Win32.ActiveCfg = Release|Win32
		{FED76592-C776-4E2D-8FF2-D181731AD4A1}.Release|Win32.Build.0 = Release|Win32
		{41021759-92EB-4F04-A46F-A1D2091FD386}.Debug|Win32.ActiveCfg = Debug|Win32
		{41021759-92EB-4F04-A46F-A1D2091FD386}.Debug|Win32.Build.0 = Debug|Win32
		{41021759-92EB-4F04-A46F-A1D2091FD386}.Release|Win32.ActiveCfg = Release|Win32
		{41021759-92EB-4F04-A46F-A1D2091FD386}.Release|Win32.Build.0 = Release|Win32
		{9C53AAD3-1D13-4D4B-B4E6-CEBF099BAE22}.Debug|Win32.ActiveCfg = Debug|Win32
		{9C53AAD3-1D13-4D4B-B4E6-CEBF099BAE22}.Debug|Win32.Build.0 = Debug|Win32
		{9C53AAD3-1D13-4D4B-B4E6-CEBF099BAE22}.Release|Win32.ActiveCfg = Release|Win32
		{9C53AAD3-1D13-4D4B-B4E6-CEBF099BAE22}.Release|Win32.Build.0 = Release|Win32
		{818B6C0C-1601-44C0-A190-7392A94A5297}.Debug|Win32.ActiveCfg = Debug|Win32
		{818B6C0C-1601-44C0-A190-7392A94A5297}.Debug|Win32.Build.0 = Debug|Win32
		{818B6C0C-1601-44C0-A190-7392A94A5297}.Release|Win32.ActiveCfg = Release|Win32
		{818B6C0C-1601-44C0-A190-7392A94A5297}.Release|Win32.Build.0 = Release|Win32
		{E2DD65CC-3D60-4A28-A20A-CF36FE5B4E11}.Debug|Win32.ActiveCfg = Debug|Win32
		{E2DD65CC-3D60-4A28-A20A-CF36FE5B4E11}.Debug|Win32.Build.0 = Debug|Win32
		{E2DD65CC-3D60-4A28-A20A-CF36FE5B4E11}.Release|Win32.ActiveCfg = Release|Win32
		{E2DD65CC-3D60-4A28-A20A-CF36FE5B4E11}.Release|Win32.Build.0 = Release|Win32
		{B09F0E0E-E289-447E-9A26-6C245F8ACF8F}.Debug|Win32.ActiveCfg = Debug|Win32
		{B09F0E0E-E289-447E-9A26-6C245F8ACF8F}.Debug|Win32.Build.0 = Debug|Win32
		{B09F0E0E-E289-447E-9A26-6C245F8ACF8F}.Release|Win32.ActiveCfg = Release|Win32
		{B09F0E0E-E289-447E-9A26-6C245F8ACF8F}.Release|Win32.Build.0 = Release|Win32
		{2BF5CB24-AAF4-4245-9687-14FDE1359B2F}.Debug|Win32.ActiveCfg = Debug|Win32
		{2BF5CB24-AAF4-4245-9687-14FDE1359B2F}.Debug|Win32.Build.0 = Debug|Win32
		{2BF5CB24-AAF4-4245-9687-14FDE1359B2F}.Release|Win32.ActiveCfg = Release|Win32
		{2BF5CB24-AAF4-4245-9687-14FDE1359B2F}.Release|Win32.Build.0 = Release|Win32
		{BA74A63D-6600-4C12-BDE1-CE8806DD04E2}.Debug|Win32.ActiveCfg = Debug|Win32
		{BA74A63D-6600-4C12-BDE1-CE8806DD04E2}.Debug|Win32.Build.0 = Debug|Win32
		{BA74A63D-6600-4C12-BDE1-CE8806DD04E2}.Release|Win32.ActiveCfg = Release|Win32
		{BA74A63D-6600-4C12-BDE1-CE8806DD04E2}.Release|Win32.Build.0 = Release|Win32
		{C737653A-F601-451B-A08C-4A13307836AD}.Debug|Win32.ActiveCfg = Debug|Win32
		{C737653A-F601-451B-A08C-4A13307836AD}.Debug|Win32.Build.0 = Debug|Win32
		{C737653A-F601-451B-A08C-4A13307836AD}.Release|Win32.ActiveCfg = Release|Win32
		{C737653A-F601-451B-A08C-4A13307836AD}.Release|Win32.Build.0 = Release|Win32
		{76F754F7-605B-4019-9577-C73C51997F12}.Debug|Win32.ActiveCfg = Debug|Win32
		{76F754F7-605B-4019-9577-C73C51997F12}.Debug|Win32.Build.0 = Debug|Win32
		{76F754F7-605B-4019-9577-C73C51997F12}.Release|Win32.ActiveCfg = Release|Win32
		{76F754F7-605B-4019-9577-C73C51997F12}.Release|Win32.Build.0 = Release|Win32
		{1A074FBD-2856-415C-90E5-45283CE3FF47}.Debug|Win32.ActiveCfg = Debug|Win32
		{1A074FBD-2856-415C-90E5-45283CE3FF47}.Debug|Win32.Build.0 = Debug|Win32
		{1A074FBD-2856-415C-90E5-45283CE3FF47}.Release|Win32.ActiveCfg = Release|Win32
		{1A074FBD-2856-415C-90E5-45283CE3FF47}.Release|Win32.Build.0 = Release|Win32
		{8674B34B-C05E-4F46-B572-376B899CE9EA}.Debug|Win32.ActiveCfg = Debug|Win32
		{8674B34B-C05E-4F46-B572-376B899CE9EA}.Debug|Win32.Build.0 = Debug|Win32
		{8674B34B-C05E-4F46-B572-376B899CE9EA}.Release|Win32.ActiveCfg = Release|Win32
		{8674B34B-C05E-4F46-B572-376B899CE9EA}.Release|Win32.Build.0 = Release|Win32
		{8A95558A-F9C7-4D2D-9B11-B54A27BD638A}.Debug|Win32.ActiveCfg = Debug|Win32
		{8A95558A-F9C7-4D2D-9B11-B54A27BD638A}.Debug|Win32.Build.0 = Debug|Win32
		{8A95558A-F9C7-4D2D-9B11-B54A27BD638A}.Release|Win32.ActiveCfg = Release|Win32
		{8A95558A-F9C7-4D2D-9B11-B54A27BD638A}.Release|Win32.Build.0 = Release|Win32
		{C4E0B828-2FEE-4A95-8FFF-786F0E876B9F}.Debug|Win32.ActiveCfg = Debug|Win32
		{C4E0B828-2FEE-4A95-8FFF-786F0E876B9F}.Debug|Win32.Build.0 = Debug|Win32
		{C4E0B828-2FEE-4A95-8FFF-786F0E876B9F}.Release|Win32.ActiveCfg = Release|Win32
		{C4E0B828-2FEE-4A95-8FFF-786F0E876B9F}.Release|Win32.Build.0 = Release|Win32
		{28F96D96-ECD9-4768-B6BA-8F40C4E060BD}.Debug|Win32.ActiveCfg = Debug|Win32
		{28F96D96-ECD9-4768-B6BA-8F40C4E060BD}.Debug|Win32.Build.0 = Debug|Win32
		{28F96D96-ECD9-4768-B6BA-8F40C4E060BD}.Release|Win32.ActiveCfg = Release|Win32
		{28F96D96-ECD9-4768-B6BA-8F40C4E060BD}.Release|Win32.Build.0 = Release|Win32
		{8C68F891-6A95-415F-8232-7D61342FA924}.Debug|Win32.ActiveCfg = Debug|Win32
		{8C68F891-6A95-415F-8232-7D61342FA924}.Debug|Win32.Build.0 = Debug|Win32
		{8C68F891-6A95-415F-8232-7D61342FA924}.Release|Win32.ActiveCfg = Release|Win32
		{8C68F891-6A95-415F-8232-7D61342FA924}.Release|Win32.Build.0 = Release|Win32
		{2D588C04-00F2-404E-A6B8-2411DE4DBDC9}.Debug|Win32.ActiveCfg = Debug|Win32
		{2D588C04-00F2-404E-A6B8-2411DE4DBDC9}.Debug|Win32.Build.0 = Debug|Win32
		{2D588C04-00F2-404E-A6B8-2411DE4DBDC9}.Release|Win32.ActiveCfg = Release|Win32
		{2D588C04-00F2-404E-A6B8-2411DE4DBDC9}.Release|Win32.Build.0 = Release|Win32
		{5EFE71E0-0690-4741-8843-E7B534E3761A}.Debug|Win32.ActiveCfg = Debug|Win32
		{5EFE71E0-0690-4741-8843-E7B534E3761A}.Debug|Win32.Build.0 = Debug|Win32
		{5EFE71E0-0690-4741-8843-E7B534E3761A}.Release|Win32.ActiveCfg = Release|Win32
		{5EFE71E0-0690-4741-8843-E7B534E3761A}.Release|Win32.Build.0 = Release|Win32
	EndGlobalSection
	GlobalSection(SolutionProperties) = preSolution
		HideSolutionNode = FALSE
	EndGlobalSection
EndGlobal
